Microsoft Visual Studio Solution File, Format Version 12.00
# Visual Studio Version 17
VisualStudioVersion = 17.9.34723.18
MinimumVisualStudioVersion = 10.0.40219.1
Project("{9A19103F-16F7-4668-BE54-9A1E7A4F7556}") = "dspAdmin", "ffxiAdmin\dspAdmin.csproj", "{2B79DE4A-20E8-4714-9FFB-EA20DED65CFD}"
EndProject
Global
	GlobalSection(SolutionConfigurationPlatforms) = preSolution
		Debug|x64 = Debug|x64
		Debug|x86 = Debug|x86
		Release|x64 = Release|x64
		Release|x86 = Release|x86
	EndGlobalSection
	GlobalSection(ProjectConfigurationPlatforms) = postSolution
		{2B79DE4A-20E8-4714-9FFB-EA20DED65CFD}.Debug|x64.ActiveCfg = Debug|x64
		{2B79DE4A-20E8-4714-9FFB-EA20DED65CFD}.Debug|x64.Build.0 = Debug|x64
		{2B79DE4A-20E8-4714-9FFB-EA20DED65CFD}.Debug|x86.ActiveCfg = Debug|Any CPU
		{2B79DE4A-20E8-4714-9FFB-EA20DED65CFD}.Debug|x86.Build.0 = Debug|Any CPU
		{2B79DE4A-20E8-4714-9FFB-EA20DED65CFD}.Release|x64.ActiveCfg = Release|x64
		{2B79DE4A-20E8-4714-9FFB-EA20DED65CFD}.Release|x64.Build.0 = Release|x64
		{2B79DE4A-20E8-4714-9FFB-EA20DED65CFD}.Release|x86.ActiveCfg = Release|x86
		{2B79DE4A-20E8-4714-9FFB-EA20DED65CFD}.Release|x86.Build.0 = Release|x86
	EndGlobalSection
	GlobalSection(SolutionProperties) = preSolution
		HideSolutionNode = FALSE
	EndGlobalSection
	GlobalSection(ExtensibilityGlobals) = postSolution
		SolutionGuid = {7174DE3A-FC37-46FD-9CA0-926D3737E47C}
	EndGlobalSection
	GlobalSection(SubversionScc) = preSolution
		Svn-Managed = True
		Manager = AnkhSVN - Subversion Support for Visual Studio
	EndGlobalSection
EndGlobal
